
Microsoft Visual Studio Solution File, Format Version 12.00
# Visual Studio Version 17
VisualStudioVersion = 17.5.33530.505
MinimumVisualStudioVersion = 10.0.40219.1
Project("{FAE04EC0-301F-11D3-BF4B-00C04F79EFBC}") = "MyPopupIssue", "MyPopupIssue\MyPopupIssue.csproj", "{E2546D27-D467-444C-8D47-F9A71CEB4076}"
EndProject
Global
	GlobalSection(SolutionConfigurationPlatforms) = preSolution
		Debug|Any CPU = Debug|Any CPU
		Release|Any CPU = Release|Any CPU
	EndGlobalSection
	GlobalSection(ProjectConfigurationPlatforms) = postSolution
		{E2546D27-D467-444C-8D47-F9A71CEB4076}.Debug|Any CPU.ActiveCfg = Debug|Any CPU
		{E2546D27-D467-444C-8D47-F9A71CEB4076}.Debug|Any CPU.Build.0 = Debug|Any CPU
		{E2546D27-D467-444C-8D47-F9A71CEB4076}.Release|Any CPU.ActiveCfg = Release|Any CPU
		{E2546D27-D467-444C-8D47-F9A71CEB4076}.Release|Any CPU.Build.0 = Release|Any CPU
	EndGlobalSection
	GlobalSection(SolutionProperties) = preSolution
		HideSolutionNode = FALSE
	EndGlobalSection
	GlobalSection(ExtensibilityGlobals) = postSolution
		SolutionGuid = {527E804F-30D0-4AFB-AEE0-EAA5B75456F1}
	EndGlobalSection
EndGlobal
